
Microsoft Visual Studio Solution File, Format Version 12.00
# Visual Studio Version 16
VisualStudioVersion = 16.0.30804.86
MinimumVisualStudioVersion = 10.0.40219.1
Project("{9A19103F-16F7-4668-BE54-9A1E7A4F7556}") = "HrrMrr.Presentation", "HrrMrr.Presentation.csproj", "{26D56E1C-EDA8-4F1E-BDA4-5809AE2CF851}"
EndProject
Project("{FAE04EC0-301F-11D3-BF4B-00C04F79EFBC}") = "HrrMrr.DataAccess", "..\HrrMrr.DataAccess\HrrMrr.DataAccess.csproj", "{8C154C47-0EAE-40BA-A174-C64319B7C135}"
EndProject
Project("{FAE04EC0-301F-11D3-BF4B-00C04F79EFBC}") = "HrrMrr.Business", "..\HrrMrr.Business\HrrMrr.Business.csproj", "{9DCEDCB9-F0D6-4BD6-A433-96B130127A21}"
EndProject
Project("{FAE04EC0-301F-11D3-BF4B-00C04F79EFBC}") = "HrrMrr.Entities", "..\HrrMrr.Entities\HrrMrr.Entities.csproj", "{C1B72821-DA9E-418B-BFF6-675B1DB83F20}"
EndProject
Project("{FAE04EC0-301F-11D3-BF4B-00C04F79EFBC}") = "HrrMrr.Utilities", "..\HrrMrr.Utilities\HrrMrr.Utilities.csproj", "{B15E3A95-5654-4C58-A21B-A69F08648F04}"
EndProject
Global
	GlobalSection(SolutionConfigurationPlatforms) = preSolution
		Debug|Any CPU = Debug|Any CPU
		Release|Any CPU = Release|Any CPU
	EndGlobalSection
	GlobalSection(ProjectConfigurationPlatforms) = postSolution
		{26D56E1C-EDA8-4F1E-BDA4-5809AE2CF851}.Debug|Any CPU.ActiveCfg = Debug|Any CPU
		{26D56E1C-EDA8-4F1E-BDA4-5809AE2CF851}.Debug|Any CPU.Build.0 = Debug|Any CPU
		{26D56E1C-EDA8-4F1E-BDA4-5809AE2CF851}.Release|Any CPU.ActiveCfg = Release|Any CPU
		{26D56E1C-EDA8-4F1E-BDA4-5809AE2CF851}.Release|Any CPU.Build.0 = Release|Any CPU
		{8C154C47-0EAE-40BA-A174-C64319B7C135}.Debug|Any CPU.ActiveCfg = Debug|Any CPU
		{8C154C47-0EAE-40BA-A174-C64319B7C135}.Debug|Any CPU.Build.0 = Debug|Any CPU
		{8C154C47-0EAE-40BA-A174-C64319B7C135}.Release|Any CPU.ActiveCfg = Release|Any CPU
		{8C154C47-0EAE-40BA-A174-C64319B7C135}.Release|Any CPU.Build.0 = Release|Any CPU
		{9DCEDCB9-F0D6-4BD6-A433-96B130127A21}.Debug|Any CPU.ActiveCfg = Debug|Any CPU
		{9DCEDCB9-F0D6-4BD6-A433-96B130127A21}.Debug|Any CPU.Build.0 = Debug|Any CPU
		{9DCEDCB9-F0D6-4BD6-A433-96B130127A21}.Release|Any CPU.ActiveCfg = Release|Any CPU
		{9DCEDCB9-F0D6-4BD6-A433-96B130127A21}.Release|Any CPU.Build.0 = Release|Any CPU
		{C1B72821-DA9E-418B-BFF6-675B1DB83F20}.Debug|Any CPU.ActiveCfg = Debug|Any CPU
		{C1B72821-DA9E-418B-BFF6-675B1DB83F20}.Debug|Any CPU.Build.0 = Debug|Any CPU
		{C1B72821-DA9E-418B-BFF6-675B1DB83F20}.Release|Any CPU.ActiveCfg = Release|Any CPU
		{C1B72821-DA9E-418B-BFF6-675B1DB83F20}.Release|Any CPU.Build.0 = Release|Any CPU
		{B15E3A95-5654-4C58-A21B-A69F08648F04}.Debug|Any CPU.ActiveCfg = Debug|Any CPU
		{B15E3A95-5654-4C58-A21B-A69F08648F04}.Debug|Any CPU.Build.0 = Debug|Any CPU
		{B15E3A95-5654-4C58-A21B-A69F08648F04}.Release|Any CPU.ActiveCfg = Release|Any CPU
		{B15E3A95-5654-4C58-A21B-A69F08648F04}.Release|Any CPU.Build.0 = Release|Any CPU
	EndGlobalSection
	GlobalSection(SolutionProperties) = preSolution
		HideSolutionNode = FALSE
	EndGlobalSection
	GlobalSection(ExtensibilityGlobals) = postSolution
		SolutionGuid = {7125CBBE-B3D7-43AB-A8E9-617E29A6533D}
	EndGlobalSection
EndGlobal
